version: 6
environments:
  default:
    channels:
    - url: https://conda.anaconda.org/conda-forge/
    packages:
      linux-64:
      - conda: https://conda.anaconda.org/conda-forge/linux-64/_libgcc_mutex-0.1-conda_forge.tar.bz2
      - conda: https://conda.anaconda.org/conda-forge/linux-64/_openmp_mutex-4.5-2_gnu.tar.bz2
      - conda: https://conda.anaconda.org/conda-forge/linux-64/bzip2-1.0.8-h4bc722e_7.conda
      - conda: https://conda.anaconda.org/conda-forge/linux-64/c-ares-1.34.5-hb9d3cd8_0.conda
      - conda: https://conda.anaconda.org/conda-forge/noarch/ca-certificates-2025.7.14-hbd8a1cb_0.conda
      - conda: https://conda.anaconda.org/conda-forge/linux-64/git-2.49.0-pl5321hc2ff736_2.conda
      - conda: https://conda.anaconda.org/conda-forge/linux-64/keyutils-1.6.1-h166bdaf_0.tar.bz2
      - conda: https://conda.anaconda.org/conda-forge/linux-64/krb5-1.21.3-h659f571_0.conda
      - conda: https://conda.anaconda.org/conda-forge/linux-64/libcurl-8.14.1-h332b0f4_0.conda
      - conda: https://conda.anaconda.org/conda-forge/linux-64/libedit-3.1.20250104-pl5321h7949ede_0.conda
      - conda: https://conda.anaconda.org/conda-forge/linux-64/libev-4.33-hd590300_2.conda
      - conda: https://conda.anaconda.org/conda-forge/linux-64/libexpat-2.7.1-hecca717_0.conda
      - conda: https://conda.anaconda.org/conda-forge/linux-64/libgcc-15.1.0-h767d61c_3.conda
      - conda: https://conda.anaconda.org/conda-forge/linux-64/libgcc-ng-15.1.0-h69a702a_3.conda
      - conda: https://conda.anaconda.org/conda-forge/linux-64/libgomp-15.1.0-h767d61c_3.conda
      - conda: https://conda.anaconda.org/conda-forge/linux-64/libiconv-1.18-h4ce23a2_1.conda
      - conda: https://conda.anaconda.org/conda-forge/linux-64/libnghttp2-1.64.0-h161d5f1_0.conda
      - conda: https://conda.anaconda.org/conda-forge/linux-64/libssh2-1.11.1-hcf80075_0.conda
      - conda: https://conda.anaconda.org/conda-forge/linux-64/libstdcxx-15.1.0-h8f9b012_3.conda
      - conda: https://conda.anaconda.org/conda-forge/linux-64/libstdcxx-ng-15.1.0-h4852527_3.conda
      - conda: https://conda.anaconda.org/conda-forge/linux-64/libxcrypt-4.4.36-hd590300_1.conda
      - conda: https://conda.anaconda.org/conda-forge/linux-64/libzlib-1.3.1-hb9d3cd8_2.conda
      - conda: https://conda.anaconda.org/conda-forge/linux-64/ncurses-6.5-h2d0b736_3.conda
      - conda: https://conda.anaconda.org/conda-forge/linux-64/nushell-0.105.1-h0ed7cb8_0.conda
      - conda: https://conda.anaconda.org/conda-forge/linux-64/openssl-3.5.1-h7b32b05_0.conda
      - conda: https://conda.anaconda.org/conda-forge/linux-64/pcre2-10.45-hc749103_0.conda
      - conda: https://conda.anaconda.org/conda-forge/linux-64/perl-5.32.1-7_hd590300_perl5.conda
      - conda: https://conda.anaconda.org/conda-forge/linux-64/zstd-1.5.7-hb8e6e7a_2.conda
      linux-aarch64:
      - conda: https://conda.anaconda.org/conda-forge/linux-aarch64/_openmp_mutex-4.5-2_gnu.tar.bz2
      - conda: https://conda.anaconda.org/conda-forge/linux-aarch64/bzip2-1.0.8-h68df207_7.conda
      - conda: https://conda.anaconda.org/conda-forge/linux-aarch64/c-ares-1.34.5-h86ecc28_0.conda
      - conda: https://conda.anaconda.org/conda-forge/noarch/ca-certificates-2025.7.14-hbd8a1cb_0.conda
      - conda: https://conda.anaconda.org/conda-forge/linux-aarch64/git-2.49.0-pl5321h9a186de_2.conda
      - conda: https://conda.anaconda.org/conda-forge/linux-aarch64/keyutils-1.6.1-h4e544f5_0.tar.bz2
      - conda: https://conda.anaconda.org/conda-forge/linux-aarch64/krb5-1.21.3-h50a48e9_0.conda
      - conda: https://conda.anaconda.org/conda-forge/linux-aarch64/libcurl-8.14.1-h6702fde_0.conda
      - conda: https://conda.anaconda.org/conda-forge/linux-aarch64/libedit-3.1.20250104-pl5321h976ea20_0.conda
      - conda: https://conda.anaconda.org/conda-forge/linux-aarch64/libev-4.33-h31becfc_2.conda
      - conda: https://conda.anaconda.org/conda-forge/linux-aarch64/libexpat-2.7.1-hfae3067_0.conda
      - conda: https://conda.anaconda.org/conda-forge/linux-aarch64/libgcc-15.1.0-he277a41_3.conda
      - conda: https://conda.anaconda.org/conda-forge/linux-aarch64/libgcc-ng-15.1.0-he9431aa_3.conda
      - conda: https://conda.anaconda.org/conda-forge/linux-aarch64/libgomp-15.1.0-he277a41_3.conda
      - conda: https://conda.anaconda.org/conda-forge/linux-aarch64/libiconv-1.18-hc99b53d_1.conda
      - conda: https://conda.anaconda.org/conda-forge/linux-aarch64/libnghttp2-1.64.0-hc8609a4_0.conda
      - conda: https://conda.anaconda.org/conda-forge/linux-aarch64/libssh2-1.11.1-h18c354c_0.conda
      - conda: https://conda.anaconda.org/conda-forge/linux-aarch64/libstdcxx-15.1.0-h3f4de04_3.conda
      - conda: https://conda.anaconda.org/conda-forge/linux-aarch64/libstdcxx-ng-15.1.0-hf1166c9_3.conda
      - conda: https://conda.anaconda.org/conda-forge/linux-aarch64/libxcrypt-4.4.36-h31becfc_1.conda
      - conda: https://conda.anaconda.org/conda-forge/linux-aarch64/libzlib-1.3.1-h86ecc28_2.conda
      - conda: https://conda.anaconda.org/conda-forge/linux-aarch64/ncurses-6.5-ha32ae93_3.conda
      - conda: https://conda.anaconda.org/conda-forge/linux-aarch64/nushell-0.105.1-hb533564_0.conda
      - conda: https://conda.anaconda.org/conda-forge/linux-aarch64/openssl-3.5.1-hd08dc88_0.conda
      - conda: https://conda.anaconda.org/conda-forge/linux-aarch64/pcre2-10.45-hf4ec17f_0.conda
      - conda: https://conda.anaconda.org/conda-forge/linux-aarch64/perl-5.32.1-7_h31becfc_perl5.conda
      - conda: https://conda.anaconda.org/conda-forge/linux-aarch64/zstd-1.5.7-hbcf94c1_2.conda
      osx-64:
      - conda: https://conda.anaconda.org/conda-forge/osx-64/bzip2-1.0.8-hfdf4475_7.conda
      - conda: https://conda.anaconda.org/conda-forge/osx-64/c-ares-1.34.5-hf13058a_0.conda
      - conda: https://conda.anaconda.org/conda-forge/noarch/ca-certificates-2025.7.14-hbd8a1cb_0.conda
      - conda: https://conda.anaconda.org/conda-forge/osx-64/git-2.49.0-pl5321h3bb66fe_2.conda
      - conda: https://conda.anaconda.org/conda-forge/osx-64/krb5-1.21.3-h37d8d59_0.conda
      - conda: https://conda.anaconda.org/conda-forge/osx-64/libcurl-8.14.1-h5dec5d8_0.conda
      - conda: https://conda.anaconda.org/conda-forge/osx-64/libcxx-20.1.8-h3d58e20_1.conda
      - conda: https://conda.anaconda.org/conda-forge/osx-64/libedit-3.1.20250104-pl5321ha958ccf_0.conda
      - conda: https://conda.anaconda.org/conda-forge/osx-64/libev-4.33-h10d778d_2.conda
      - conda: https://conda.anaconda.org/conda-forge/osx-64/libexpat-2.7.1-h21dd04a_0.conda
      - conda: https://conda.anaconda.org/conda-forge/osx-64/libiconv-1.18-h4b5e92a_1.conda
      - conda: https://conda.anaconda.org/conda-forge/osx-64/libintl-0.25.1-h27064b9_0.conda
      - conda: https://conda.anaconda.org/conda-forge/osx-64/libnghttp2-1.64.0-hc7306c3_0.conda
      - conda: https://conda.anaconda.org/conda-forge/osx-64/libssh2-1.11.1-hed3591d_0.conda
      - conda: https://conda.anaconda.org/conda-forge/osx-64/libzlib-1.3.1-hd23fc13_2.conda
      - conda: https://conda.anaconda.org/conda-forge/osx-64/ncurses-6.5-h0622a9a_3.conda
      - conda: https://conda.anaconda.org/conda-forge/osx-64/nushell-0.105.1-h910683a_0.conda
      - conda: https://conda.anaconda.org/conda-forge/osx-64/openssl-3.5.1-hc426f3f_0.conda
      - conda: https://conda.anaconda.org/conda-forge/osx-64/pcre2-10.45-hf733adb_0.conda
      - conda: https://conda.anaconda.org/conda-forge/osx-64/perl-5.32.1-7_h10d778d_perl5.conda
      - conda: https://conda.anaconda.org/conda-forge/osx-64/zstd-1.5.7-h8210216_2.conda
      osx-arm64:
      - conda: https://conda.anaconda.org/conda-forge/osx-arm64/bzip2-1.0.8-h99b78c6_7.conda
      - conda: https://conda.anaconda.org/conda-forge/osx-arm64/c-ares-1.34.5-h5505292_0.conda
      - conda: https://conda.anaconda.org/conda-forge/noarch/ca-certificates-2025.7.14-hbd8a1cb_0.conda
      - conda: https://conda.anaconda.org/conda-forge/osx-arm64/git-2.49.0-pl5321ha659579_2.conda
      - conda: https://conda.anaconda.org/conda-forge/osx-arm64/krb5-1.21.3-h237132a_0.conda
      - conda: https://conda.anaconda.org/conda-forge/osx-arm64/libcurl-8.14.1-h73640d1_0.conda
      - conda: https://conda.anaconda.org/conda-forge/osx-arm64/libcxx-20.1.8-hf598326_1.conda
      - conda: https://conda.anaconda.org/conda-forge/osx-arm64/libedit-3.1.20250104-pl5321hafb1f1b_0.conda
      - conda: https://conda.anaconda.org/conda-forge/osx-arm64/libev-4.33-h93a5062_2.conda
      - conda: https://conda.anaconda.org/conda-forge/osx-arm64/libexpat-2.7.1-hec049ff_0.conda
      - conda: https://conda.anaconda.org/conda-forge/osx-arm64/libiconv-1.18-hfe07756_1.conda
      - conda: https://conda.anaconda.org/conda-forge/osx-arm64/libintl-0.25.1-h493aca8_0.conda
      - conda: https://conda.anaconda.org/conda-forge/osx-arm64/libnghttp2-1.64.0-h6d7220d_0.conda
      - conda: https://conda.anaconda.org/conda-forge/osx-arm64/libssh2-1.11.1-h1590b86_0.conda
      - conda: https://conda.anaconda.org/conda-forge/osx-arm64/libzlib-1.3.1-h8359307_2.conda
      - conda: https://conda.anaconda.org/conda-forge/osx-arm64/ncurses-6.5-h5e97a16_3.conda
      - conda: https://conda.anaconda.org/conda-forge/osx-arm64/nushell-0.105.1-he48edd9_0.conda
      - conda: https://conda.anaconda.org/conda-forge/osx-arm64/openssl-3.5.1-h81ee809_0.conda
      - conda: https://conda.anaconda.org/conda-forge/osx-arm64/pcre2-10.45-ha881caa_0.conda
      - conda: https://conda.anaconda.org/conda-forge/osx-arm64/perl-5.32.1-7_h4614cfb_perl5.conda
      - conda: https://conda.anaconda.org/conda-forge/osx-arm64/zstd-1.5.7-h6491c7d_2.conda
      win-64:
      - conda: https://conda.anaconda.org/conda-forge/noarch/ca-certificates-2025.7.14-h4c7d964_0.conda
      - conda: https://conda.anaconda.org/conda-forge/win-64/git-2.49.0-h57928b3_2.conda
      - conda: https://conda.anaconda.org/conda-forge/win-64/libzlib-1.3.1-h2466b09_2.conda
      - conda: https://conda.anaconda.org/conda-forge/win-64/nushell-0.105.1-hdab3696_0.conda
      - conda: https://conda.anaconda.org/conda-forge/win-64/openssl-3.5.1-h725018a_0.conda
      - conda: https://conda.anaconda.org/conda-forge/win-64/ucrt-10.0.22621.0-h57928b3_1.conda
      - conda: https://conda.anaconda.org/conda-forge/win-64/vc-14.3-h41ae7f8_28.conda
      - conda: https://conda.anaconda.org/conda-forge/win-64/vc14_runtime-14.44.35208-h818238b_28.conda
packages:
- conda: https://conda.anaconda.org/conda-forge/linux-64/_libgcc_mutex-0.1-conda_forge.tar.bz2
  sha256: fe51de6107f9edc7aa4f786a70f4a883943bc9d39b3bb7307c04c41410990726
  md5: d7c89558ba9fa0495403155b64376d81
  license: None
  size: 2562
  timestamp: 1578324546067
- conda: https://conda.anaconda.org/conda-forge/linux-64/_openmp_mutex-4.5-2_gnu.tar.bz2
  build_number: 16
  sha256: fbe2c5e56a653bebb982eda4876a9178aedfc2b545f25d0ce9c4c0b508253d22
  md5: 73aaf86a425cc6e73fcf236a5a46396d
  depends:
  - _libgcc_mutex 0.1 conda_forge
  - libgomp >=7.5.0
  constrains:
  - openmp_impl 9999
  license: BSD-3-Clause
  license_family: BSD
  size: 23621
  timestamp: 1650670423406
- conda: https://conda.anaconda.org/conda-forge/linux-aarch64/_openmp_mutex-4.5-2_gnu.tar.bz2
  build_number: 16
  sha256: 3702bef2f0a4d38bd8288bbe54aace623602a1343c2cfbefd3fa188e015bebf0
  md5: 6168d71addc746e8f2b8d57dfd2edcea
  depends:
  - libgomp >=7.5.0
  constrains:
  - openmp_impl 9999
  license: BSD-3-Clause
  license_family: BSD
  size: 23712
  timestamp: 1650670790230
- conda: https://conda.anaconda.org/conda-forge/linux-64/bzip2-1.0.8-h4bc722e_7.conda
  sha256: 5ced96500d945fb286c9c838e54fa759aa04a7129c59800f0846b4335cee770d
  md5: 62ee74e96c5ebb0af99386de58cf9553
  depends:
  - __glibc >=2.17,<3.0.a0
  - libgcc-ng >=12
  license: bzip2-1.0.6
  license_family: BSD
  size: 252783
  timestamp: 1720974456583
- conda: https://conda.anaconda.org/conda-forge/linux-aarch64/bzip2-1.0.8-h68df207_7.conda
  sha256: 2258b0b33e1cb3a9852d47557984abb6e7ea58e3d7f92706ec1f8e879290c4cb
  md5: 56398c28220513b9ea13d7b450acfb20
  depends:
  - libgcc-ng >=12
  license: bzip2-1.0.6
  license_family: BSD
  size: 189884
  timestamp: 1720974504976
- conda: https://conda.anaconda.org/conda-forge/osx-64/bzip2-1.0.8-hfdf4475_7.conda
  sha256: cad153608b81fb24fc8c509357daa9ae4e49dfc535b2cb49b91e23dbd68fc3c5
  md5: 7ed4301d437b59045be7e051a0308211
  depends:
  - __osx >=10.13
  license: bzip2-1.0.6
  license_family: BSD
  size: 134188
  timestamp: 1720974491916
- conda: https://conda.anaconda.org/conda-forge/osx-arm64/bzip2-1.0.8-h99b78c6_7.conda
  sha256: adfa71f158cbd872a36394c56c3568e6034aa55c623634b37a4836bd036e6b91
  md5: fc6948412dbbbe9a4c9ddbbcfe0a79ab
  depends:
  - __osx >=11.0
  license: bzip2-1.0.6
  license_family: BSD
  size: 122909
  timestamp: 1720974522888
- conda: https://conda.anaconda.org/conda-forge/linux-64/c-ares-1.34.5-hb9d3cd8_0.conda
  sha256: f8003bef369f57396593ccd03d08a8e21966157269426f71e943f96e4b579aeb
  md5: f7f0d6cc2dc986d42ac2689ec88192be
  depends:
  - __glibc >=2.17,<3.0.a0
  - libgcc >=13
  license: MIT
  license_family: MIT
  size: 206884
  timestamp: 1744127994291
- conda: https://conda.anaconda.org/conda-forge/linux-aarch64/c-ares-1.34.5-h86ecc28_0.conda
  sha256: ccae98c665d86723993d4cb0b456bd23804af5b0645052c09a31c9634eebc8df
  md5: 5deaa903d46d62a1f8077ad359c3062e
  depends:
  - libgcc >=13
  license: MIT
  license_family: MIT
  size: 215950
  timestamp: 1744127972012
- conda: https://conda.anaconda.org/conda-forge/osx-64/c-ares-1.34.5-hf13058a_0.conda
  sha256: b37f5dacfe1c59e0a207c1d65489b760dff9ddb97b8df7126ceda01692ba6e97
  md5: eafe5d9f1a8c514afe41e6e833f66dfd
  depends:
  - __osx >=10.13
  license: MIT
  license_family: MIT
  size: 184824
  timestamp: 1744128064511
- conda: https://conda.anaconda.org/conda-forge/osx-arm64/c-ares-1.34.5-h5505292_0.conda
  sha256: b4bb55d0806e41ffef94d0e3f3c97531f322b3cb0ca1f7cdf8e47f62538b7a2b
  md5: f8cd1beb98240c7edb1a95883360ccfa
  depends:
  - __osx >=11.0
  license: MIT
  license_family: MIT
  size: 179696
  timestamp: 1744128058734
- conda: https://conda.anaconda.org/conda-forge/noarch/ca-certificates-2025.7.14-h4c7d964_0.conda
  sha256: a7fe9bce8a0f9f985d44940ec13a297df571ee70fb2264b339c62fa190b2c437
  md5: 40334594f5916bc4c0a0313d64bfe046
  depends:
  - __win
  license: ISC
  size: 155882
  timestamp: 1752482396143
- conda: https://conda.anaconda.org/conda-forge/noarch/ca-certificates-2025.7.14-hbd8a1cb_0.conda
  sha256: 29defbd83c7829788358678ec996adeee252fa4d4274b7cd386c1ed73d2b201e
  md5: d16c90324aef024877d8713c0b7fea5b
  depends:
  - __unix
  license: ISC
  size: 155658
  timestamp: 1752482350666
- conda: https://conda.anaconda.org/conda-forge/linux-64/git-2.49.0-pl5321hc2ff736_2.conda
  sha256: a92f89cf83b2010b2201df780f6db93595557faeefcb8f89b90cc2a75368f5b2
  md5: 79af03347d91a390ed07a0d76a35a047
  depends:
  - __glibc >=2.17,<3.0.a0
  - libcurl >=8.14.1,<9.0a0
  - libexpat >=2.7.0,<3.0a0
  - libgcc >=13
  - libiconv >=1.18,<2.0a0
  - libzlib >=1.3.1,<2.0a0
  - openssl >=3.5.0,<4.0a0
  - pcre2 >=10.45,<10.46.0a0
  - perl 5.*
  license: GPL-2.0-or-later and LGPL-2.1-or-later
  size: 11114939
  timestamp: 1751299061504
- conda: https://conda.anaconda.org/conda-forge/linux-aarch64/git-2.49.0-pl5321h9a186de_2.conda
  sha256: e7bbce9c80a118b221c1dc37075f746354dd5fa6784a800c56e0f57b1274082b
  md5: 1f920fc3b9701d2111c604f3e480f354
  depends:
  - libcurl >=8.14.1,<9.0a0
  - libexpat >=2.7.0,<3.0a0
  - libgcc >=13
  - libiconv >=1.18,<2.0a0
  - libzlib >=1.3.1,<2.0a0
  - openssl >=3.5.0,<4.0a0
  - pcre2 >=10.45,<10.46.0a0
  - perl 5.*
  license: GPL-2.0-or-later and LGPL-2.1-or-later
  size: 13910149
  timestamp: 1751302425074
- conda: https://conda.anaconda.org/conda-forge/osx-64/git-2.49.0-pl5321h3bb66fe_2.conda
  sha256: c02db96f084357481d5cbe7cc8d5d218de381a45711de6fe2c4d587ba4c53e97
  md5: 6d686f7a953197dec117d1d72a20ecf1
  depends:
  - __osx >=10.10
  - libcurl >=8.14.1,<9.0a0
  - libexpat >=2.7.0,<3.0a0
  - libiconv >=1.18,<2.0a0
  - libintl >=0.24.1,<1.0a0
  - libzlib >=1.3.1,<2.0a0
  - openssl >=3.5.0,<4.0a0
  - pcre2 >=10.45,<10.46.0a0
  - perl 5.*
  license: GPL-2.0-or-later and LGPL-2.1-or-later
  size: 12023941
  timestamp: 1751299319184
- conda: https://conda.anaconda.org/conda-forge/osx-arm64/git-2.49.0-pl5321ha659579_2.conda
  sha256: 001e31db2e69bdfdf716c0d0d401f4b7e362b4bcb88e343fc591ef61855478e4
  md5: 1da495d68b24e3b23f32d6404cc4433a
  depends:
  - __osx >=11.0
  - libcurl >=8.14.1,<9.0a0
  - libexpat >=2.7.0,<3.0a0
  - libiconv >=1.18,<2.0a0
  - libintl >=0.24.1,<1.0a0
  - libzlib >=1.3.1,<2.0a0
  - openssl >=3.5.0,<4.0a0
  - pcre2 >=10.45,<10.46.0a0
  - perl 5.*
  license: GPL-2.0-or-later and LGPL-2.1-or-later
  size: 11705021
  timestamp: 1751299276656
- conda: https://conda.anaconda.org/conda-forge/win-64/git-2.49.0-h57928b3_2.conda
  sha256: cb47f71ce69a7394d70c78fd714941d3c69b02e0835f886215c090aec69a0fb5
  md5: 3581fc9b18a93aa91f3752ee695f20d5
  license: GPL-2.0-or-later and LGPL-2.1-or-later
  size: 127469096
  timestamp: 1751299058316
- conda: https://conda.anaconda.org/conda-forge/linux-64/keyutils-1.6.1-h166bdaf_0.tar.bz2
  sha256: 150c05a6e538610ca7c43beb3a40d65c90537497a4f6a5f4d15ec0451b6f5ebb
  md5: 30186d27e2c9fa62b45fb1476b7200e3
  depends:
  - libgcc-ng >=10.3.0
  license: LGPL-2.1-or-later
  size: 117831
  timestamp: 1646151697040
- conda: https://conda.anaconda.org/conda-forge/linux-aarch64/keyutils-1.6.1-h4e544f5_0.tar.bz2
  sha256: 6d4233d97a9b38acbb26e1268bcf8c10a8e79c2aed7e5a385ec3769967e3e65b
  md5: 1f24853e59c68892452ef94ddd8afd4b
  depends:
  - libgcc-ng >=10.3.0
  license: LGPL-2.1-or-later
  size: 112327
  timestamp: 1646166857935
- conda: https://conda.anaconda.org/conda-forge/linux-64/krb5-1.21.3-h659f571_0.conda
  sha256: 99df692f7a8a5c27cd14b5fb1374ee55e756631b9c3d659ed3ee60830249b238
  md5: 3f43953b7d3fb3aaa1d0d0723d91e368
  depends:
  - keyutils >=1.6.1,<2.0a0
  - libedit >=3.1.20191231,<3.2.0a0
  - libedit >=3.1.20191231,<4.0a0
  - libgcc-ng >=12
  - libstdcxx-ng >=12
  - openssl >=3.3.1,<4.0a0
  license: MIT
  license_family: MIT
  size: 1370023
  timestamp: 1719463201255
- conda: https://conda.anaconda.org/conda-forge/linux-aarch64/krb5-1.21.3-h50a48e9_0.conda
  sha256: 0ec272afcf7ea7fbf007e07a3b4678384b7da4047348107b2ae02630a570a815
  md5: 29c10432a2ca1472b53f299ffb2ffa37
  depends:
  - keyutils >=1.6.1,<2.0a0
  - libedit >=3.1.20191231,<3.2.0a0
  - libedit >=3.1.20191231,<4.0a0
  - libgcc-ng >=12
  - libstdcxx-ng >=12
  - openssl >=3.3.1,<4.0a0
  license: MIT
  license_family: MIT
  size: 1474620
  timestamp: 1719463205834
- conda: https://conda.anaconda.org/conda-forge/osx-64/krb5-1.21.3-h37d8d59_0.conda
  sha256: 83b52685a4ce542772f0892a0f05764ac69d57187975579a0835ff255ae3ef9c
  md5: d4765c524b1d91567886bde656fb514b
  depends:
  - __osx >=10.13
  - libcxx >=16
  - libedit >=3.1.20191231,<3.2.0a0
  - libedit >=3.1.20191231,<4.0a0
  - openssl >=3.3.1,<4.0a0
  license: MIT
  license_family: MIT
  size: 1185323
  timestamp: 1719463492984
- conda: https://conda.anaconda.org/conda-forge/osx-arm64/krb5-1.21.3-h237132a_0.conda
  sha256: 4442f957c3c77d69d9da3521268cad5d54c9033f1a73f99cde0a3658937b159b
  md5: c6dc8a0fdec13a0565936655c33069a1
  depends:
  - __osx >=11.0
  - libcxx >=16
  - libedit >=3.1.20191231,<3.2.0a0
  - libedit >=3.1.20191231,<4.0a0
  - openssl >=3.3.1,<4.0a0
  license: MIT
  license_family: MIT
  size: 1155530
  timestamp: 1719463474401
- conda: https://conda.anaconda.org/conda-forge/linux-64/libcurl-8.14.1-h332b0f4_0.conda
  sha256: b6c5cf340a4f80d70d64b3a29a7d9885a5918d16a5cb952022820e6d3e79dc8b
  md5: 45f6713cb00f124af300342512219182
  depends:
  - __glibc >=2.17,<3.0.a0
  - krb5 >=1.21.3,<1.22.0a0
  - libgcc >=13
  - libnghttp2 >=1.64.0,<2.0a0
  - libssh2 >=1.11.1,<2.0a0
  - libzlib >=1.3.1,<2.0a0
  - openssl >=3.5.0,<4.0a0
  - zstd >=1.5.7,<1.6.0a0
  license: curl
  license_family: MIT
  size: 449910
  timestamp: 1749033146806
- conda: https://conda.anaconda.org/conda-forge/linux-aarch64/libcurl-8.14.1-h6702fde_0.conda
  sha256: 13f7cc9f6b4bdc9a3544339abf2662bc61018c415fe7a1518137db782eb85343
  md5: 1d92dbf43358f0774dc91764fa77a9f5
  depends:
  - krb5 >=1.21.3,<1.22.0a0
  - libgcc >=13
  - libnghttp2 >=1.64.0,<2.0a0
  - libssh2 >=1.11.1,<2.0a0
  - libzlib >=1.3.1,<2.0a0
  - openssl >=3.5.0,<4.0a0
  - zstd >=1.5.7,<1.6.0a0
  license: curl
  license_family: MIT
  size: 469143
  timestamp: 1749033114882
- conda: https://conda.anaconda.org/conda-forge/osx-64/libcurl-8.14.1-h5dec5d8_0.conda
  sha256: ca0d8d12056227d6b47122cfb6d68fc5a3a0c6ab75a0e908542954fc5f84506c
  md5: 8738cd19972c3599400404882ddfbc24
  depends:
  - __osx >=10.13
  - krb5 >=1.21.3,<1.22.0a0
  - libnghttp2 >=1.64.0,<2.0a0
  - libssh2 >=1.11.1,<2.0a0
  - libzlib >=1.3.1,<2.0a0
  - openssl >=3.5.0,<4.0a0
  - zstd >=1.5.7,<1.6.0a0
  license: curl
  license_family: MIT
  size: 424040
  timestamp: 1749033558114
- conda: https://conda.anaconda.org/conda-forge/osx-arm64/libcurl-8.14.1-h73640d1_0.conda
  sha256: 0055b68137309db41ec34c938d95aec71d1f81bd9d998d5be18f32320c3ccba0
  md5: 1af57c823803941dfc97305248a56d57
  depends:
  - __osx >=11.0
  - krb5 >=1.21.3,<1.22.0a0
  - libnghttp2 >=1.64.0,<2.0a0
  - libssh2 >=1.11.1,<2.0a0
  - libzlib >=1.3.1,<2.0a0
  - openssl >=3.5.0,<4.0a0
  - zstd >=1.5.7,<1.6.0a0
  license: curl
  license_family: MIT
  size: 403456
  timestamp: 1749033320430
- conda: https://conda.anaconda.org/conda-forge/osx-64/libcxx-20.1.8-h3d58e20_1.conda
  sha256: 9643d6c5a94499cddb5ae1bccc4f78aef8cfd77bcf6b37ad325bc7232a8a870f
  md5: d2db320b940047515f7a27f870984fe7
  depends:
  - __osx >=10.13
  license: Apache-2.0 WITH LLVM-exception
  license_family: Apache
  size: 564830
  timestamp: 1752814841086
- conda: https://conda.anaconda.org/conda-forge/osx-arm64/libcxx-20.1.8-hf598326_1.conda
  sha256: 119b3ac75cb1ea29981e5053c2cb10d5f0b06fcc81b486cb7281f160daf673a1
  md5: a69ef3239d3268ef8602c7a7823fd982
  depends:
  - __osx >=11.0
  license: Apache-2.0 WITH LLVM-exception
  license_family: Apache
  size: 568267
  timestamp: 1752814881595
- conda: https://conda.anaconda.org/conda-forge/linux-64/libedit-3.1.20250104-pl5321h7949ede_0.conda
  sha256: d789471216e7aba3c184cd054ed61ce3f6dac6f87a50ec69291b9297f8c18724
  md5: c277e0a4d549b03ac1e9d6cbbe3d017b
  depends:
  - ncurses
  - __glibc >=2.17,<3.0.a0
  - libgcc >=13
  - ncurses >=6.5,<7.0a0
  license: BSD-2-Clause
  license_family: BSD
  size: 134676
  timestamp: 1738479519902
- conda: https://conda.anaconda.org/conda-forge/linux-aarch64/libedit-3.1.20250104-pl5321h976ea20_0.conda
  sha256: c0b27546aa3a23d47919226b3a1635fccdb4f24b94e72e206a751b33f46fd8d6
  md5: fb640d776fc92b682a14e001980825b1
  depends:
  - ncurses
  - libgcc >=13
  - ncurses >=6.5,<7.0a0
  license: BSD-2-Clause
  license_family: BSD
  size: 148125
  timestamp: 1738479808948
- conda: https://conda.anaconda.org/conda-forge/osx-64/libedit-3.1.20250104-pl5321ha958ccf_0.conda
  sha256: 6cc49785940a99e6a6b8c6edbb15f44c2dd6c789d9c283e5ee7bdfedd50b4cd6
  md5: 1f4ed31220402fcddc083b4bff406868
  depends:
  - ncurses
  - __osx >=10.13
  - ncurses >=6.5,<7.0a0
  license: BSD-2-Clause
  license_family: BSD
  size: 115563
  timestamp: 1738479554273
- conda: https://conda.anaconda.org/conda-forge/osx-arm64/libedit-3.1.20250104-pl5321hafb1f1b_0.conda
  sha256: 66aa216a403de0bb0c1340a88d1a06adaff66bae2cfd196731aa24db9859d631
  md5: 44083d2d2c2025afca315c7a172eab2b
  depends:
  - ncurses
  - __osx >=11.0
  - ncurses >=6.5,<7.0a0
  license: BSD-2-Clause
  license_family: BSD
  size: 107691
  timestamp: 1738479560845
- conda: https://conda.anaconda.org/conda-forge/linux-64/libev-4.33-hd590300_2.conda
  sha256: 1cd6048169fa0395af74ed5d8f1716e22c19a81a8a36f934c110ca3ad4dd27b4
  md5: 172bf1cd1ff8629f2b1179945ed45055
  depends:
  - libgcc-ng >=12
  license: BSD-2-Clause
  license_family: BSD
  size: 112766
  timestamp: 1702146165126
- conda: https://conda.anaconda.org/conda-forge/linux-aarch64/libev-4.33-h31becfc_2.conda
  sha256: 973af77e297f1955dd1f69c2cbdc5ab9dfc88388a5576cd152cda178af0fd006
  md5: a9a13cb143bbaa477b1ebaefbe47a302
  depends:
  - libgcc-ng >=12
  license: BSD-2-Clause
  license_family: BSD
  size: 115123
  timestamp: 1702146237623
- conda: https://conda.anaconda.org/conda-forge/osx-64/libev-4.33-h10d778d_2.conda
  sha256: 0d238488564a7992942aa165ff994eca540f687753b4f0998b29b4e4d030ff43
  md5: 899db79329439820b7e8f8de41bca902
  license: BSD-2-Clause
  license_family: BSD
  size: 106663
  timestamp: 1702146352558
- conda: https://conda.anaconda.org/conda-forge/osx-arm64/libev-4.33-h93a5062_2.conda
  sha256: 95cecb3902fbe0399c3a7e67a5bed1db813e5ab0e22f4023a5e0f722f2cc214f
  md5: 36d33e440c31857372a72137f78bacf5
  license: BSD-2-Clause
  license_family: BSD
  size: 107458
  timestamp: 1702146414478
- conda: https://conda.anaconda.org/conda-forge/linux-64/libexpat-2.7.1-hecca717_0.conda
  sha256: da2080da8f0288b95dd86765c801c6e166c4619b910b11f9a8446fb852438dc2
  md5: 4211416ecba1866fab0c6470986c22d6
  depends:
  - __glibc >=2.17,<3.0.a0
  - libgcc >=14
  constrains:
  - expat 2.7.1.*
  license: MIT
  license_family: MIT
  size: 74811
  timestamp: 1752719572741
- conda: https://conda.anaconda.org/conda-forge/linux-aarch64/libexpat-2.7.1-hfae3067_0.conda
  sha256: 378cabff44ea83ce4d9f9c59f47faa8d822561d39166608b3e65d1e06c927415
  md5: f75d19f3755461db2eb69401f5514f4c
  depends:
  - libgcc >=14
  constrains:
  - expat 2.7.1.*
  license: MIT
  license_family: MIT
  size: 74309
  timestamp: 1752719762749
- conda: https://conda.anaconda.org/conda-forge/osx-64/libexpat-2.7.1-h21dd04a_0.conda
  sha256: 689862313571b62ee77ee01729dc093f2bf25a2f99415fcfe51d3a6cd31cce7b
  md5: 9fdeae0b7edda62e989557d645769515
  depends:
  - __osx >=10.13
  constrains:
  - expat 2.7.1.*
  license: MIT
  license_family: MIT
  size: 72450
  timestamp: 1752719744781
- conda: https://conda.anaconda.org/conda-forge/osx-arm64/libexpat-2.7.1-hec049ff_0.conda
  sha256: 8fbb17a56f51e7113ed511c5787e0dec0d4b10ef9df921c4fd1cccca0458f648
  md5: b1ca5f21335782f71a8bd69bdc093f67
  depends:
  - __osx >=11.0
  constrains:
  - expat 2.7.1.*
  license: MIT
  license_family: MIT
  size: 65971
  timestamp: 1752719657566
- conda: https://conda.anaconda.org/conda-forge/linux-64/libgcc-15.1.0-h767d61c_3.conda
  sha256: 59a87161212abe8acc57d318b0cc8636eb834cdfdfddcf1f588b5493644b39a3
  md5: 9e60c55e725c20d23125a5f0dd69af5d
  depends:
  - __glibc >=2.17,<3.0.a0
  - _openmp_mutex >=4.5
  constrains:
  - libgcc-ng ==15.1.0=*_3
  - libgomp 15.1.0 h767d61c_3
  license: GPL-3.0-only WITH GCC-exception-3.1
  license_family: GPL
  size: 824921
  timestamp: 1750808216066
- conda: https://conda.anaconda.org/conda-forge/linux-aarch64/libgcc-15.1.0-he277a41_3.conda
  sha256: a08e3f89d4cd7c5e18a7098419e378a8506ebfaf4dc1eaac59bf7b962ca66cdb
  md5: 409b902521be20c2efb69d2e0c5e3bc8
  depends:
  - _openmp_mutex >=4.5
  constrains:
  - libgomp 15.1.0 he277a41_3
  - libgcc-ng ==15.1.0=*_3
  license: GPL-3.0-only WITH GCC-exception-3.1
  license_family: GPL
  size: 510464
  timestamp: 1750808926824
- conda: https://conda.anaconda.org/conda-forge/linux-64/libgcc-ng-15.1.0-h69a702a_3.conda
  sha256: b0b0a5ee6ce645a09578fc1cb70c180723346f8a45fdb6d23b3520591c6d6996
  md5: e66f2b8ad787e7beb0f846e4bd7e8493
  depends:
  - libgcc 15.1.0 h767d61c_3
  license: GPL-3.0-only WITH GCC-exception-3.1
  license_family: GPL
  size: 29033
  timestamp: 1750808224854
- conda: https://conda.anaconda.org/conda-forge/linux-aarch64/libgcc-ng-15.1.0-he9431aa_3.conda
  sha256: 222eedd38467f7af8fb703c16cc1abf83038e7b6a09f707bbb4340e8ed589e14
  md5: 831062d3b6a4cdfdde1015be90016102
  depends:
  - libgcc 15.1.0 he277a41_3
  license: GPL-3.0-only WITH GCC-exception-3.1
  license_family: GPL
  size: 29009
  timestamp: 1750808930406
- conda: https://conda.anaconda.org/conda-forge/linux-64/libgomp-15.1.0-h767d61c_3.conda
  sha256: 43710ab4de0cd7ff8467abff8d11e7bb0e36569df04ce1c099d48601818f11d1
  md5: 3cd1a7238a0dd3d0860fdefc496cc854
  depends:
  - __glibc >=2.17,<3.0.a0
  license: GPL-3.0-only WITH GCC-exception-3.1
  license_family: GPL
  size: 447068
  timestamp: 1750808138400
- conda: https://conda.anaconda.org/conda-forge/linux-aarch64/libgomp-15.1.0-he277a41_3.conda
  sha256: a6654342666271da9c396a41ea745dc6e56574806b42abb2be61511314f5cc40
  md5: b79b8a69669f9ac6311f9ff2e6bffdf2
  license: GPL-3.0-only WITH GCC-exception-3.1
  license_family: GPL
  size: 449966
  timestamp: 1750808867863
- conda: https://conda.anaconda.org/conda-forge/linux-64/libiconv-1.18-h4ce23a2_1.conda
  sha256: 18a4afe14f731bfb9cf388659994263904d20111e42f841e9eea1bb6f91f4ab4
  md5: e796ff8ddc598affdf7c173d6145f087
  depends:
  - __glibc >=2.17,<3.0.a0
  - libgcc >=13
  license: LGPL-2.1-only
  size: 713084
  timestamp: 1740128065462
- conda: https://conda.anaconda.org/conda-forge/linux-aarch64/libiconv-1.18-hc99b53d_1.conda
  sha256: 3db14977036fe1f511a6dbecacbeff3fdb58482c5c0cf87a2ea3232f5a540836
  md5: 81541d85a45fbf4d0a29346176f1f21c
  depends:
  - libgcc >=13
  license: LGPL-2.1-only
  size: 718600
  timestamp: 1740130562607
- conda: https://conda.anaconda.org/conda-forge/osx-64/libiconv-1.18-h4b5e92a_1.conda
  sha256: c2a9c65a245c7bcb8c17c94dd716dad2d42b7c98e0c17cc5553a5c60242c4dda
  md5: 6283140d7b2b55b6b095af939b71b13f
  depends:
  - __osx >=10.13
  license: LGPL-2.1-only
  size: 669052
  timestamp: 1740128415026
- conda: https://conda.anaconda.org/conda-forge/osx-arm64/libiconv-1.18-hfe07756_1.conda
  sha256: d30780d24bf3a30b4f116fca74dedb4199b34d500fe6c52cced5f8cc1e926f03
  md5: 450e6bdc0c7d986acf7b8443dce87111
  depends:
  - __osx >=11.0
  license: LGPL-2.1-only
  size: 681804
  timestamp: 1740128227484
- conda: https://conda.anaconda.org/conda-forge/osx-64/libintl-0.25.1-h27064b9_0.conda
  sha256: 33828b83c29f4fcee0ae5f740b5e4660bee3793df8c9079e279284604858c0ac
  md5: 27e7ef1f0d8c47ae5acd6e0e15c08f8d
  depends:
  - __osx >=10.13
  - libiconv >=1.18,<2.0a0
  license: LGPL-2.1-or-later
  size: 97550
  timestamp: 1751558234755
- conda: https://conda.anaconda.org/conda-forge/osx-arm64/libintl-0.25.1-h493aca8_0.conda
  sha256: 99d2cebcd8f84961b86784451b010f5f0a795ed1c08f1e7c76fbb3c22abf021a
  md5: 5103f6a6b210a3912faf8d7db516918c
  depends:
  - __osx >=11.0
  - libiconv >=1.18,<2.0a0
  license: LGPL-2.1-or-later
  size: 90957
  timestamp: 1751558394144
- conda: https://conda.anaconda.org/conda-forge/linux-64/libnghttp2-1.64.0-h161d5f1_0.conda
  sha256: b0f2b3695b13a989f75d8fd7f4778e1c7aabe3b36db83f0fe80b2cd812c0e975
  md5: 19e57602824042dfd0446292ef90488b
  depends:
  - __glibc >=2.17,<3.0.a0
  - c-ares >=1.32.3,<2.0a0
  - libev >=4.33,<4.34.0a0
  - libev >=4.33,<5.0a0
  - libgcc >=13
  - libstdcxx >=13
  - libzlib >=1.3.1,<2.0a0
  - openssl >=3.3.2,<4.0a0
  license: MIT
  license_family: MIT
  size: 647599
  timestamp: 1729571887612
- conda: https://conda.anaconda.org/conda-forge/linux-aarch64/libnghttp2-1.64.0-hc8609a4_0.conda
  sha256: c093c6d370aadbf0409c20b6c54c488ee2f6fea976181919fcc63e87ee232673
  md5: f52c614fa214a8bedece9421c771670d
  depends:
  - c-ares >=1.32.3,<2.0a0
  - libev >=4.33,<4.34.0a0
  - libev >=4.33,<5.0a0
  - libgcc >=13
  - libstdcxx >=13
  - libzlib >=1.3.1,<2.0a0
  - openssl >=3.3.2,<4.0a0
  license: MIT
  license_family: MIT
  size: 714610
  timestamp: 1729571912479
- conda: https://conda.anaconda.org/conda-forge/osx-64/libnghttp2-1.64.0-hc7306c3_0.conda
  sha256: 0dcfdcf3a445d2d7de4f3b186ab0a794dc872f4ea21622f9b997be72712c027f
  md5: ab21007194b97beade22ceb7a3f6fee5
  depends:
  - __osx >=10.13
  - c-ares >=1.34.2,<2.0a0
  - libcxx >=17
  - libev >=4.33,<4.34.0a0
  - libev >=4.33,<5.0a0
  - libzlib >=1.3.1,<2.0a0
  - openssl >=3.3.2,<4.0a0
  license: MIT
  license_family: MIT
  size: 606663
  timestamp: 1729572019083
- conda: https://conda.anaconda.org/conda-forge/osx-arm64/libnghttp2-1.64.0-h6d7220d_0.conda
  sha256: 00cc685824f39f51be5233b54e19f45abd60de5d8847f1a56906f8936648b72f
  md5: 3408c02539cee5f1141f9f11450b6a51
  depends:
  - __osx >=11.0
  - c-ares >=1.34.2,<2.0a0
  - libcxx >=17
  - libev >=4.33,<4.34.0a0
  - libev >=4.33,<5.0a0
  - libzlib >=1.3.1,<2.0a0
  - openssl >=3.3.2,<4.0a0
  license: MIT
  license_family: MIT
  size: 566719
  timestamp: 1729572385640
- conda: https://conda.anaconda.org/conda-forge/linux-64/libssh2-1.11.1-hcf80075_0.conda
  sha256: fa39bfd69228a13e553bd24601332b7cfeb30ca11a3ca50bb028108fe90a7661
  md5: eecce068c7e4eddeb169591baac20ac4
  depends:
  - __glibc >=2.17,<3.0.a0
  - libgcc >=13
  - libzlib >=1.3.1,<2.0a0
  - openssl >=3.5.0,<4.0a0
  license: BSD-3-Clause
  license_family: BSD
  size: 304790
  timestamp: 1745608545575
- conda: https://conda.anaconda.org/conda-forge/linux-aarch64/libssh2-1.11.1-h18c354c_0.conda
  sha256: 1e289bcce4ee6a5817a19c66e296f3c644dcfa6e562e5c1cba807270798814e7
  md5: eecc495bcfdd9da8058969656f916cc2
  depends:
  - libgcc >=13
  - libzlib >=1.3.1,<2.0a0
  - openssl >=3.5.0,<4.0a0
  license: BSD-3-Clause
  license_family: BSD
  size: 311396
  timestamp: 1745609845915
- conda: https://conda.anaconda.org/conda-forge/osx-64/libssh2-1.11.1-hed3591d_0.conda
  sha256: 00654ba9e5f73aa1f75c1f69db34a19029e970a4aeb0fa8615934d8e9c369c3c
  md5: a6cb15db1c2dc4d3a5f6cf3772e09e81
  depends:
  - __osx >=10.13
  - libzlib >=1.3.1,<2.0a0
  - openssl >=3.5.0,<4.0a0
  license: BSD-3-Clause
  license_family: BSD
  size: 284216
  timestamp: 1745608575796
- conda: https://conda.anaconda.org/conda-forge/osx-arm64/libssh2-1.11.1-h1590b86_0.conda
  sha256: 8bfe837221390ffc6f111ecca24fa12d4a6325da0c8d131333d63d6c37f27e0a
  md5: b68e8f66b94b44aaa8de4583d3d4cc40
  depends:
  - libzlib >=1.3.1,<2.0a0
  - openssl >=3.5.0,<4.0a0
  license: BSD-3-Clause
  license_family: BSD
  size: 279193
  timestamp: 1745608793272
- conda: https://conda.anaconda.org/conda-forge/linux-64/libstdcxx-15.1.0-h8f9b012_3.conda
  sha256: 7650837344b7850b62fdba02155da0b159cf472b9ab59eb7b472f7bd01dff241
  md5: 6d11a5edae89fe413c0569f16d308f5a
  depends:
  - __glibc >=2.17,<3.0.a0
  - libgcc 15.1.0 h767d61c_3
  license: GPL-3.0-only WITH GCC-exception-3.1
  license_family: GPL
  size: 3896407
  timestamp: 1750808251302
- conda: https://conda.anaconda.org/conda-forge/linux-aarch64/libstdcxx-15.1.0-h3f4de04_3.conda
  sha256: 916a8c2530992140d23c4d3f63502f250ff36df7298ed9a8b72d3629c347d4ce
  md5: 4e2d5a407e0ecfe493d8b2a65a437bd8
  depends:
  - libgcc 15.1.0 he277a41_3
  license: GPL-3.0-only WITH GCC-exception-3.1
  license_family: GPL
  size: 3833339
  timestamp: 1750808947966
- conda: https://conda.anaconda.org/conda-forge/linux-64/libstdcxx-ng-15.1.0-h4852527_3.conda
  sha256: bbaea1ecf973a7836f92b8ebecc94d3c758414f4de39d2cc6818a3d10cb3216b
  md5: 57541755b5a51691955012b8e197c06c
  depends:
  - libstdcxx 15.1.0 h8f9b012_3
  license: GPL-3.0-only WITH GCC-exception-3.1
  license_family: GPL
  size: 29093
  timestamp: 1750808292700
- conda: https://conda.anaconda.org/conda-forge/linux-aarch64/libstdcxx-ng-15.1.0-hf1166c9_3.conda
  sha256: cb93360dce004fda2f877fd6071c8c0d19ab67b161ff406d5c0d63b7658ad77c
  md5: f981af71cbd4c67c9e6acc7d4cc3f163
  depends:
  - libstdcxx 15.1.0 h3f4de04_3
  license: GPL-3.0-only WITH GCC-exception-3.1
  license_family: GPL
  size: 29078
  timestamp: 1750808974598
- conda: https://conda.anaconda.org/conda-forge/linux-64/libxcrypt-4.4.36-hd590300_1.conda
  sha256: 6ae68e0b86423ef188196fff6207ed0c8195dd84273cb5623b85aa08033a410c
  md5: 5aa797f8787fe7a17d1b0821485b5adc
  depends:
  - libgcc-ng >=12
  license: LGPL-2.1-or-later
  size: 100393
  timestamp: 1702724383534
- conda: https://conda.anaconda.org/conda-forge/linux-aarch64/libxcrypt-4.4.36-h31becfc_1.conda
  sha256: 6b46c397644091b8a26a3048636d10b989b1bf266d4be5e9474bf763f828f41f
  md5: b4df5d7d4b63579d081fd3a4cf99740e
  depends:
  - libgcc-ng >=12
  license: LGPL-2.1-or-later
  size: 114269
  timestamp: 1702724369203
- conda: https://conda.anaconda.org/conda-forge/linux-64/libzlib-1.3.1-hb9d3cd8_2.conda
  sha256: d4bfe88d7cb447768e31650f06257995601f89076080e76df55e3112d4e47dc4
  md5: edb0dca6bc32e4f4789199455a1dbeb8
  depends:
  - __glibc >=2.17,<3.0.a0
  - libgcc >=13
  constrains:
  - zlib 1.3.1 *_2
  license: Zlib
  license_family: Other
  size: 60963
  timestamp: 1727963148474
- conda: https://conda.anaconda.org/conda-forge/linux-aarch64/libzlib-1.3.1-h86ecc28_2.conda
  sha256: 5a2c1eeef69342e88a98d1d95bff1603727ab1ff4ee0e421522acd8813439b84
  md5: 08aad7cbe9f5a6b460d0976076b6ae64
  depends:
  - libgcc >=13
  constrains:
  - zlib 1.3.1 *_2
  license: Zlib
  license_family: Other
  size: 66657
  timestamp: 1727963199518
- conda: https://conda.anaconda.org/conda-forge/osx-64/libzlib-1.3.1-hd23fc13_2.conda
  sha256: 8412f96504fc5993a63edf1e211d042a1fd5b1d51dedec755d2058948fcced09
  md5: 003a54a4e32b02f7355b50a837e699da
  depends:
  - __osx >=10.13
  constrains:
  - zlib 1.3.1 *_2
  license: Zlib
  license_family: Other
  size: 57133
  timestamp: 1727963183990
- conda: https://conda.anaconda.org/conda-forge/osx-arm64/libzlib-1.3.1-h8359307_2.conda
  sha256: ce34669eadaba351cd54910743e6a2261b67009624dbc7daeeafdef93616711b
  md5: 369964e85dc26bfe78f41399b366c435
  depends:
  - __osx >=11.0
  constrains:
  - zlib 1.3.1 *_2
  license: Zlib
  license_family: Other
  size: 46438
  timestamp: 1727963202283
- conda: https://conda.anaconda.org/conda-forge/win-64/libzlib-1.3.1-h2466b09_2.conda
  sha256: ba945c6493449bed0e6e29883c4943817f7c79cbff52b83360f7b341277c6402
  md5: 41fbfac52c601159df6c01f875de31b9
  depends:
  - ucrt >=10.0.20348.0
  - vc >=14.2,<15
  - vc14_runtime >=14.29.30139
  constrains:
  - zlib 1.3.1 *_2
  license: Zlib
  license_family: Other
  size: 55476
  timestamp: 1727963768015
- conda: https://conda.anaconda.org/conda-forge/linux-64/ncurses-6.5-h2d0b736_3.conda
  sha256: 3fde293232fa3fca98635e1167de6b7c7fda83caf24b9d6c91ec9eefb4f4d586
  md5: 47e340acb35de30501a76c7c799c41d7
  depends:
  - __glibc >=2.17,<3.0.a0
  - libgcc >=13
  license: X11 AND BSD-3-Clause
  size: 891641
  timestamp: 1738195959188
- conda: https://conda.anaconda.org/conda-forge/linux-aarch64/ncurses-6.5-ha32ae93_3.conda
  sha256: 91cfb655a68b0353b2833521dc919188db3d8a7f4c64bea2c6a7557b24747468
  md5: 182afabe009dc78d8b73100255ee6868
  depends:
  - libgcc >=13
  license: X11 AND BSD-3-Clause
  size: 926034
  timestamp: 1738196018799
- conda: https://conda.anaconda.org/conda-forge/osx-64/ncurses-6.5-h0622a9a_3.conda
  sha256: ea4a5d27ded18443749aefa49dc79f6356da8506d508b5296f60b8d51e0c4bd9
  md5: ced34dd9929f491ca6dab6a2927aff25
  depends:
  - __osx >=10.13
  license: X11 AND BSD-3-Clause
  size: 822259
  timestamp: 1738196181298
- conda: https://conda.anaconda.org/conda-forge/osx-arm64/ncurses-6.5-h5e97a16_3.conda
  sha256: 2827ada40e8d9ca69a153a45f7fd14f32b2ead7045d3bbb5d10964898fe65733
  md5: 068d497125e4bf8a66bf707254fff5ae
  depends:
  - __osx >=11.0
  license: X11 AND BSD-3-Clause
  size: 797030
  timestamp: 1738196177597
- conda: https://conda.anaconda.org/conda-forge/linux-64/nushell-0.105.1-h0ed7cb8_0.conda
  sha256: 17e057b076710f5ff22f642036e554292947e6d5a7a0d69f977205ee1193048a
  md5: de2a4a53edb4a1625d4270e3e7bf44bb
  depends:
  - __glibc >=2.17,<3.0.a0
  - libgcc >=13
  - libstdcxx >=13
  - libzlib >=1.3.1,<2.0a0
  - openssl >=3.5.0,<4.0a0
  constrains:
  - __glibc >=2.17
  license: MIT
  license_family: MIT
  size: 9413520
  timestamp: 1749624512020
- conda: https://conda.anaconda.org/conda-forge/linux-aarch64/nushell-0.105.1-hb533564_0.conda
  sha256: b95eec0d0dc52db1538aacc4a45931229111d26402d2807668d5b8e8bfafaed1
  md5: da3b66f29f2e9d6186123482d8126db2
  depends:
  - libgcc >=13
  - libstdcxx >=13
  - libzlib >=1.3.1,<2.0a0
  - openssl >=3.5.0,<4.0a0
  constrains:
  - __glibc >=2.17
  license: MIT
  license_family: MIT
  size: 8827935
  timestamp: 1749624519901
- conda: https://conda.anaconda.org/conda-forge/osx-64/nushell-0.105.1-h910683a_0.conda
  sha256: cc3036a4e515d3c2a57f06539043caa5d0061dba849b363dc81a36f672274a85
  md5: 0f2c1bb253b7aab09e8c3ed391d99a90
  depends:
  - __osx >=10.13
  - libcxx >=18
  - libzlib >=1.3.1,<2.0a0
  - openssl >=3.5.0,<4.0a0
  constrains:
  - __osx >=10.13
  license: MIT
  license_family: MIT
  size: 9399356
  timestamp: 1749624879517
- conda: https://conda.anaconda.org/conda-forge/osx-arm64/nushell-0.105.1-he48edd9_0.conda
  sha256: 1c2289febaeed6fad403a2b0d078ad841555d485b5c6bb35a3e0ee384fa4d503
  md5: f37a47aed6a27dfe61477dcb4a893bfc
  depends:
  - __osx >=11.0
  - libcxx >=18
  - libzlib >=1.3.1,<2.0a0
  - openssl >=3.5.0,<4.0a0
  constrains:
  - __osx >=11.0
  license: MIT
  license_family: MIT
  size: 9105051
  timestamp: 1749625060107
- conda: https://conda.anaconda.org/conda-forge/win-64/nushell-0.105.1-hdab3696_0.conda
  sha256: 2d85e9488d50fa69771016b06186d17aba63b0a2bfb4ab9e16dbb1bfd1ea03f5
  md5: 1f1896785ac87b7aa70c0ceadad6c713
  depends:
  - libzlib >=1.3.1,<2.0a0
  - openssl >=3.5.1,<4.0a0
  - ucrt >=10.0.20348.0
  - vc >=14.3,<15
  - vc14_runtime >=14.44.35208
  license: MIT
  license_family: MIT
  size: 8669437
  timestamp: 1751887763363
- conda: https://conda.anaconda.org/conda-forge/linux-64/openssl-3.5.1-h7b32b05_0.conda
  sha256: 942347492164190559e995930adcdf84e2fea05307ec8012c02a505f5be87462
  md5: c87df2ab1448ba69169652ab9547082d
  depends:
  - __glibc >=2.17,<3.0.a0
  - ca-certificates
  - libgcc >=13
  license: Apache-2.0
  license_family: Apache
  size: 3131002
  timestamp: 1751390382076
- conda: https://conda.anaconda.org/conda-forge/linux-aarch64/openssl-3.5.1-hd08dc88_0.conda
  sha256: 0b4f88052fc9c14aa17c844d1e92a9a76277aa980a445a47d2dbc6590d60a991
  md5: cf2dfe9c774c20e65d42d87147903bdb
  depends:
  - ca-certificates
  - libgcc >=13
  license: Apache-2.0
  license_family: Apache
  size: 3653877
  timestamp: 1751392052717
- conda: https://conda.anaconda.org/conda-forge/osx-64/openssl-3.5.1-hc426f3f_0.conda
  sha256: d5dc7da2ef7502a14f88443675c4894db336592ac7b9ae0517e1339ebb94f38a
  md5: f1ac2dbc36ce2017bd8f471960b1261d
  depends:
  - __osx >=10.13
  - ca-certificates
  license: Apache-2.0
  license_family: Apache
  size: 2744123
  timestamp: 1751391059798
- conda: https://conda.anaconda.org/conda-forge/osx-arm64/openssl-3.5.1-h81ee809_0.conda
  sha256: f94fde0f096fa79794c8aa0a2665630bbf9026cc6438e8253f6555fc7281e5a8
  md5: a8ac77e7c7e58d43fa34d60bd4361062
  depends:
  - __osx >=11.0
  - ca-certificates
  license: Apache-2.0
  license_family: Apache
  size: 3071649
  timestamp: 1751390309393
- conda: https://conda.anaconda.org/conda-forge/win-64/openssl-3.5.1-h725018a_0.conda
  sha256: 2b2eb73b0661ff1aed55576a3d38614852b5d857c2fa9205ac115820c523306c
  md5: d124fc2fd7070177b5e2450627f8fc1a
  depends:
  - ca-certificates
  - ucrt >=10.0.20348.0
  - vc >=14.3,<15
  - vc14_runtime >=14.44.35208
  license: Apache-2.0
  license_family: Apache
  size: 9327033
  timestamp: 1751392489008
- conda: https://conda.anaconda.org/conda-forge/linux-64/pcre2-10.45-hc749103_0.conda
  sha256: 27c4014f616326240dcce17b5f3baca3953b6bc5f245ceb49c3fa1e6320571eb
  md5: b90bece58b4c2bf25969b70f3be42d25
  depends:
  - __glibc >=2.17,<3.0.a0
  - bzip2 >=1.0.8,<2.0a0
  - libgcc >=13
  - libzlib >=1.3.1,<2.0a0
  license: BSD-3-Clause
  license_family: BSD
  size: 1197308
  timestamp: 1745955064657
- conda: https://conda.anaconda.org/conda-forge/linux-aarch64/pcre2-10.45-hf4ec17f_0.conda
  sha256: d5aecfcb64514719600e35290cc885098dbfef8e9c037eea6afc43d1acc65c2e
  md5: ad22a9a9497f7aedce73e0da53cd215f
  depends:
  - bzip2 >=1.0.8,<2.0a0
  - libgcc >=13
  - libzlib >=1.3.1,<2.0a0
  license: BSD-3-Clause
  license_family: BSD
  size: 1134832
  timestamp: 1745955178803
- conda: https://conda.anaconda.org/conda-forge/osx-64/pcre2-10.45-hf733adb_0.conda
  sha256: 5b2c93ee8714c17682cd926127f1e712efef00441a79732635a80b24f5adc212
  md5: d9f1976154f2f45588251dcfc48bcdda
  depends:
  - __osx >=10.13
  - bzip2 >=1.0.8,<2.0a0
  - libzlib >=1.3.1,<2.0a0
  license: BSD-3-Clause
  license_family: BSD
  size: 1086588
  timestamp: 1745955211398
- conda: https://conda.anaconda.org/conda-forge/osx-arm64/pcre2-10.45-ha881caa_0.conda
  sha256: e9ecb706b58b5a2047c077b3a1470e8554f3aad02e9c3c00cfa35d537420fea3
  md5: a52385b93558d8e6bbaeec5d61a21cd7
  depends:
  - __osx >=11.0
  - bzip2 >=1.0.8,<2.0a0
  - libzlib >=1.3.1,<2.0a0
  license: BSD-3-Clause
  license_family: BSD
  size: 837826
  timestamp: 1745955207242
- conda: https://conda.anaconda.org/conda-forge/linux-64/perl-5.32.1-7_hd590300_perl5.conda
  build_number: 7
  sha256: 9ec32b6936b0e37bcb0ed34f22ec3116e75b3c0964f9f50ecea5f58734ed6ce9
  md5: f2cfec9406850991f4e3d960cc9e3321
  depends:
  - libgcc-ng >=12
  - libxcrypt >=4.4.36
  license: GPL-1.0-or-later OR Artistic-1.0-Perl
  size: 13344463
  timestamp: 1703310653947
- conda: https://conda.anaconda.org/conda-forge/linux-aarch64/perl-5.32.1-7_h31becfc_perl5.conda
  build_number: 7
  sha256: d78296134263b5bf476cad838ded65451e7162db756f9997c5d06b08122572ed
  md5: 17d019cb2a6c72073c344e98e40dfd61
  depends:
  - libgcc-ng >=12
  - libxcrypt >=4.4.36
  license: GPL-1.0-or-later OR Artistic-1.0-Perl
  size: 13338804
  timestamp: 1703310557094
- conda: https://conda.anaconda.org/conda-forge/osx-64/perl-5.32.1-7_h10d778d_perl5.conda
  build_number: 7
  sha256: 8ebd35e2940055a93135b9fd11bef3662cecef72d6ee651f68d64a2f349863c7
  md5: dc442e0885c3a6b65e61c61558161a9e
  license: GPL-1.0-or-later OR Artistic-1.0-Perl
  size: 12334471
  timestamp: 1703311001432
- conda: https://conda.anaconda.org/conda-forge/osx-arm64/perl-5.32.1-7_h4614cfb_perl5.conda
  build_number: 7
  sha256: b0c55040d2994fd6bf2f83786561d92f72306d982d6ea12889acad24a9bf43b8
  md5: ba3cbe93f99e896765422cc5f7c3a79e
  license: GPL-1.0-or-later OR Artistic-1.0-Perl
  size: 14439531
  timestamp: 1703311335652
- conda: https://conda.anaconda.org/conda-forge/win-64/ucrt-10.0.22621.0-h57928b3_1.conda
  sha256: db8dead3dd30fb1a032737554ce91e2819b43496a0db09927edf01c32b577450
  md5: 6797b005cd0f439c4c5c9ac565783700
  constrains:
  - vs2015_runtime >=14.29.30037
  license: LicenseRef-MicrosoftWindowsSDK10
  size: 559710
  timestamp: 1728377334097
- conda: https://conda.anaconda.org/conda-forge/win-64/vc-14.3-h41ae7f8_28.conda
  sha256: f0eb16aa1f3de1e408f1114d1f407489ea141853cef3655005ff042dc4b1fb1c
  md5: db018bf64624649a6cac827533c7971e
  depends:
  - vc14_runtime >=14.44.35208
  track_features:
  - vc14
  license: BSD-3-Clause
  license_family: BSD
  size: 17900
  timestamp: 1752820828309
- conda: https://conda.anaconda.org/conda-forge/win-64/vc14_runtime-14.44.35208-h818238b_28.conda
  sha256: 389363ea52734bc59178a6c581500d3721b005614e8230519fc53429a5508428
  md5: c5dbb7fee79868438261a74498fb6082
  depends:
  - ucrt >=10.0.20348.0
  constrains:
  - vs2015_runtime 14.44.35208.* *_28
  license: LicenseRef-MicrosoftVisualCpp2015-2022Runtime
  license_family: Proprietary
  size: 756360
  timestamp: 1752820824303
- conda: https://conda.anaconda.org/conda-forge/linux-64/zstd-1.5.7-hb8e6e7a_2.conda
  sha256: a4166e3d8ff4e35932510aaff7aa90772f84b4d07e9f6f83c614cba7ceefe0eb
  md5: 6432cb5d4ac0046c3ac0a8a0f95842f9
  depends:
  - __glibc >=2.17,<3.0.a0
  - libgcc >=13
  - libstdcxx >=13
  - libzlib >=1.3.1,<2.0a0
  license: BSD-3-Clause
  license_family: BSD
  size: 567578
  timestamp: 1742433379869
- conda: https://conda.anaconda.org/conda-forge/linux-aarch64/zstd-1.5.7-hbcf94c1_2.conda
  sha256: 0812e7b45f087cfdd288690ada718ce5e13e8263312e03b643dd7aa50d08b51b
  md5: 5be90c5a3e4b43c53e38f50a85e11527
  depends:
  - libgcc >=13
  - libstdcxx >=13
  - libzlib >=1.3.1,<2.0a0
  license: BSD-3-Clause
  license_family: BSD
  size: 551176
  timestamp: 1742433378347
- conda: https://conda.anaconda.org/conda-forge/osx-64/zstd-1.5.7-h8210216_2.conda
  sha256: c171c43d0c47eed45085112cb00c8c7d4f0caa5a32d47f2daca727e45fb98dca
  md5: cd60a4a5a8d6a476b30d8aa4bb49251a
  depends:
  - __osx >=10.13
  - libzlib >=1.3.1,<2.0a0
  license: BSD-3-Clause
  license_family: BSD
  size: 485754
  timestamp: 1742433356230
- conda: https://conda.anaconda.org/conda-forge/osx-arm64/zstd-1.5.7-h6491c7d_2.conda
  sha256: 0d02046f57f7a1a3feae3e9d1aa2113788311f3cf37a3244c71e61a93177ba67
  md5: e6f69c7bcccdefa417f056fa593b40f0
  depends:
  - __osx >=11.0
  - libzlib >=1.3.1,<2.0a0
  license: BSD-3-Clause
  license_family: BSD
  size: 399979
  timestamp: 1742433432699
